// !$*UTF8*$!
{
	archiveVersion = 1;
	classes = {
	};
	objectVersion = 55;
	objects = {

/* Begin PBXBuildFile section */
		490DD12DC81ADDE9EEAC4FF3 /* Pods_App_ForaSoftInterview.framework in Frameworks */ = {isa = PBXBuildFile; fileRef = B7B11EE5B05769CF341B9014 /* Pods_App_ForaSoftInterview.framework */; };
		68A0D293B26B1E40C7A07B88 /* Pods_App_TestGroup_ForaSoftInterviewTests.framework in Frameworks */ = {isa = PBXBuildFile; fileRef = 947C06B66B26D044F4598B7B /* Pods_App_TestGroup_ForaSoftInterviewTests.framework */; };
		94799BCC272700F900E93D75 /* MainTabBarController.swift in Sources */ = {isa = PBXBuildFile; fileRef = 94799BCB272700F900E93D75 /* MainTabBarController.swift */; };
		94799BCE2727087900E93D75 /* UIViewController + Storyboard.swift in Sources */ = {isa = PBXBuildFile; fileRef = 94799BCD2727087900E93D75 /* UIViewController + Storyboard.swift */; };
		94799BD427273B9700E93D75 /* Extensions.swift in Sources */ = {isa = PBXBuildFile; fileRef = 94799BD327273B9700E93D75 /* Extensions.swift */; };
		94799BD727275D5400E93D75 /* AlbumCollectionViewCell.xib in Resources */ = {isa = PBXBuildFile; fileRef = 94799BD627275D5400E93D75 /* AlbumCollectionViewCell.xib */; };
		94799BD92727603200E93D75 /* AlbumCollectionViewCell.swift in Sources */ = {isa = PBXBuildFile; fileRef = 94799BD82727603200E93D75 /* AlbumCollectionViewCell.swift */; };
		947C7B5A2727E54D002986FD /* HistoryPresenter.swift in Sources */ = {isa = PBXBuildFile; fileRef = 947C7B532727E54D002986FD /* HistoryPresenter.swift */; };
		947C7B5C2727E54D002986FD /* HistoryRouter.swift in Sources */ = {isa = PBXBuildFile; fileRef = 947C7B552727E54D002986FD /* HistoryRouter.swift */; };
		947C7B5D2727E54D002986FD /* HistoryModels.swift in Sources */ = {isa = PBXBuildFile; fileRef = 947C7B562727E54D002986FD /* HistoryModels.swift */; };
		947C7B5E2727E54D002986FD /* HistoryViewController.swift in Sources */ = {isa = PBXBuildFile; fileRef = 947C7B572727E54D002986FD /* HistoryViewController.swift */; };
		947C7B5F2727E54D002986FD /* HistoryInteractor.swift in Sources */ = {isa = PBXBuildFile; fileRef = 947C7B582727E54D002986FD /* HistoryInteractor.swift */; };
		947C7B7D2727F0AF002986FD /* AlbumTracksPresenter.swift in Sources */ = {isa = PBXBuildFile; fileRef = 947C7B762727F0AF002986FD /* AlbumTracksPresenter.swift */; };
		947C7B7F2727F0AF002986FD /* AlbumTracksRouter.swift in Sources */ = {isa = PBXBuildFile; fileRef = 947C7B782727F0AF002986FD /* AlbumTracksRouter.swift */; };
		947C7B802727F0AF002986FD /* AlbumTracksModels.swift in Sources */ = {isa = PBXBuildFile; fileRef = 947C7B792727F0AF002986FD /* AlbumTracksModels.swift */; };
		947C7B812727F0AF002986FD /* AlbumTracksViewController.swift in Sources */ = {isa = PBXBuildFile; fileRef = 947C7B7A2727F0AF002986FD /* AlbumTracksViewController.swift */; };
		947C7B822727F0AF002986FD /* AlbumTracksInteractor.swift in Sources */ = {isa = PBXBuildFile; fileRef = 947C7B7B2727F0AF002986FD /* AlbumTracksInteractor.swift */; };
		94C15EAB2726F23B007490FE /* AppDelegate.swift in Sources */ = {isa = PBXBuildFile; fileRef = 94C15EAA2726F23B007490FE /* AppDelegate.swift */; };
		94C15EAD2726F23B007490FE /* SceneDelegate.swift in Sources */ = {isa = PBXBuildFile; fileRef = 94C15EAC2726F23B007490FE /* SceneDelegate.swift */; };
		94C15EB42726F23D007490FE /* Assets.xcassets in Resources */ = {isa = PBXBuildFile; fileRef = 94C15EB32726F23D007490FE /* Assets.xcassets */; };
		94C15EB72726F23D007490FE /* Main.storyboard in Resources */ = {isa = PBXBuildFile; fileRef = 94C15EB52726F23D007490FE /* Main.storyboard */; };
		94C15EC22726F23D007490FE /* ForaSoftInterviewTests.swift in Sources */ = {isa = PBXBuildFile; fileRef = 94C15EC12726F23D007490FE /* ForaSoftInterviewTests.swift */; };
		94C15EE32726F293007490FE /* SearchPresenter.swift in Sources */ = {isa = PBXBuildFile; fileRef = 94C15EDC2726F293007490FE /* SearchPresenter.swift */; };
		94C15EE52726F293007490FE /* SearchRouter.swift in Sources */ = {isa = PBXBuildFile; fileRef = 94C15EDE2726F293007490FE /* SearchRouter.swift */; };
		94C15EE62726F293007490FE /* SearchModels.swift in Sources */ = {isa = PBXBuildFile; fileRef = 94C15EDF2726F293007490FE /* SearchModels.swift */; };
		94C15EE72726F293007490FE /* SearchViewController.swift in Sources */ = {isa = PBXBuildFile; fileRef = 94C15EE02726F293007490FE /* SearchViewController.swift */; };
		94C15EE82726F293007490FE /* SearchInteractor.swift in Sources */ = {isa = PBXBuildFile; fileRef = 94C15EE12726F293007490FE /* SearchInteractor.swift */; };
		94C15EEE2726F31B007490FE /* SearchResponse.swift in Sources */ = {isa = PBXBuildFile; fileRef = 94C15EED2726F31B007490FE /* SearchResponse.swift */; };
		94C15EF02726F327007490FE /* NetworkLayer.swift in Sources */ = {isa = PBXBuildFile; fileRef = 94C15EEF2726F327007490FE /* NetworkLayer.swift */; };
		94FEB40127294C9500E1E503 /* TrackTableHeaderView.swift in Sources */ = {isa = PBXBuildFile; fileRef = 94FEB40027294C9500E1E503 /* TrackTableHeaderView.swift */; };
		94FEB40427296FB500E1E503 /* TrackTableViewCell.xib in Resources */ = {isa = PBXBuildFile; fileRef = 94FEB40327296FB500E1E503 /* TrackTableViewCell.xib */; };
		94FEB40627296FCC00E1E503 /* TrackTableViewCell.swift in Sources */ = {isa = PBXBuildFile; fileRef = 94FEB40527296FCC00E1E503 /* TrackTableViewCell.swift */; };
		94FEB4092729853600E1E503 /* ActivityView.swift in Sources */ = {isa = PBXBuildFile; fileRef = 94FEB4082729853600E1E503 /* ActivityView.swift */; };
		94FEB40B272AA22100E1E503 /* UserDefaultsLayer.swift in Sources */ = {isa = PBXBuildFile; fileRef = 94FEB40A272AA22100E1E503 /* UserDefaultsLayer.swift */; };
/* End PBXBuildFile section */

/* Begin PBXContainerItemProxy section */
		94C15EBE2726F23D007490FE /* PBXContainerItemProxy */ = {
			isa = PBXContainerItemProxy;
			containerPortal = 94C15E9F2726F23B007490FE /* Project object */;
			proxyType = 1;
			remoteGlobalIDString = 94C15EA62726F23B007490FE;
			remoteInfo = ForaSoftInterview;
		};
/* End PBXContainerItemProxy section */

/* Begin PBXFileReference section */
		506A0F727D7848E2139526EE /* Pods-App-ForaSoftInterview.debug.xcconfig */ = {isa = PBXFileReference; includeInIndex = 1; lastKnownFileType = text.xcconfig; name = "Pods-App-ForaSoftInterview.debug.xcconfig"; path = "Target Support Files/Pods-App-ForaSoftInterview/Pods-App-ForaSoftInterview.debug.xcconfig"; sourceTree = "<group>"; };
		8B0D925E010390B1175F05E5 /* Pods-App-TestGroup-ForaSoftInterviewTests.release.xcconfig */ = {isa = PBXFileReference; includeInIndex = 1; lastKnownFileType = text.xcconfig; name = "Pods-App-TestGroup-ForaSoftInterviewTests.release.xcconfig"; path = "Target Support Files/Pods-App-TestGroup-ForaSoftInterviewTests/Pods-App-TestGroup-ForaSoftInterviewTests.release.xcconfig"; sourceTree = "<group>"; };
		8E530D76D746943CE3FD9BBE /* Pods-App-TestGroup-ForaSoftInterviewTests.debug.xcconfig */ = {isa = PBXFileReference; includeInIndex = 1; lastKnownFileType = text.xcconfig; name = "Pods-App-TestGroup-ForaSoftInterviewTests.debug.xcconfig"; path = "Target Support Files/Pods-App-TestGroup-ForaSoftInterviewTests/Pods-App-TestGroup-ForaSoftInterviewTests.debug.xcconfig"; sourceTree = "<group>"; };
		94799BCB272700F900E93D75 /* MainTabBarController.swift */ = {isa = PBXFileReference; lastKnownFileType = sourcecode.swift; path = MainTabBarController.swift; sourceTree = "<group>"; };
		94799BCD2727087900E93D75 /* UIViewController + Storyboard.swift */ = {isa = PBXFileReference; lastKnownFileType = sourcecode.swift; path = "UIViewController + Storyboard.swift"; sourceTree = "<group>"; };
		94799BD327273B9700E93D75 /* Extensions.swift */ = {isa = PBXFileReference; lastKnownFileType = sourcecode.swift; path = Extensions.swift; sourceTree = "<group>"; };
		94799BD627275D5400E93D75 /* AlbumCollectionViewCell.xib */ = {isa = PBXFileReference; lastKnownFileType = file.xib; path = AlbumCollectionViewCell.xib; sourceTree = "<group>"; };
		94799BD82727603200E93D75 /* AlbumCollectionViewCell.swift */ = {isa = PBXFileReference; lastKnownFileType = sourcecode.swift; path = AlbumCollectionViewCell.swift; sourceTree = "<group>"; };
		947C06B66B26D044F4598B7B /* Pods_App_TestGroup_ForaSoftInterviewTests.framework */ = {isa = PBXFileReference; explicitFileType = wrapper.framework; includeInIndex = 0; path = Pods_App_TestGroup_ForaSoftInterviewTests.framework; sourceTree = BUILT_PRODUCTS_DIR; };
		947C7B532727E54D002986FD /* HistoryPresenter.swift */ = {isa = PBXFileReference; lastKnownFileType = sourcecode.swift; path = HistoryPresenter.swift; sourceTree = "<group>"; };
		947C7B552727E54D002986FD /* HistoryRouter.swift */ = {isa = PBXFileReference; lastKnownFileType = sourcecode.swift; path = HistoryRouter.swift; sourceTree = "<group>"; };
		947C7B562727E54D002986FD /* HistoryModels.swift */ = {isa = PBXFileReference; lastKnownFileType = sourcecode.swift; path = HistoryModels.swift; sourceTree = "<group>"; };
		947C7B572727E54D002986FD /* HistoryViewController.swift */ = {isa = PBXFileReference; lastKnownFileType = sourcecode.swift; path = HistoryViewController.swift; sourceTree = "<group>"; };
		947C7B582727E54D002986FD /* HistoryInteractor.swift */ = {isa = PBXFileReference; lastKnownFileType = sourcecode.swift; path = HistoryInteractor.swift; sourceTree = "<group>"; };
		947C7B762727F0AF002986FD /* AlbumTracksPresenter.swift */ = {isa = PBXFileReference; lastKnownFileType = sourcecode.swift; path = AlbumTracksPresenter.swift; sourceTree = "<group>"; };
		947C7B782727F0AF002986FD /* AlbumTracksRouter.swift */ = {isa = PBXFileReference; lastKnownFileType = sourcecode.swift; path = AlbumTracksRouter.swift; sourceTree = "<group>"; };
		947C7B792727F0AF002986FD /* AlbumTracksModels.swift */ = {isa = PBXFileReference; lastKnownFileType = sourcecode.swift; path = AlbumTracksModels.swift; sourceTree = "<group>"; };
		947C7B7A2727F0AF002986FD /* AlbumTracksViewController.swift */ = {isa = PBXFileReference; lastKnownFileType = sourcecode.swift; path = AlbumTracksViewController.swift; sourceTree = "<group>"; };
		947C7B7B2727F0AF002986FD /* AlbumTracksInteractor.swift */ = {isa = PBXFileReference; lastKnownFileType = sourcecode.swift; path = AlbumTracksInteractor.swift; sourceTree = "<group>"; };
		94C15EA72726F23B007490FE /* ForaSoftInterview.app */ = {isa = PBXFileReference; explicitFileType = wrapper.application; includeInIndex = 0; path = ForaSoftInterview.app; sourceTree = BUILT_PRODUCTS_DIR; };
		94C15EAA2726F23B007490FE /* AppDelegate.swift */ = {isa = PBXFileReference; lastKnownFileType = sourcecode.swift; path = AppDelegate.swift; sourceTree = "<group>"; };
		94C15EAC2726F23B007490FE /* SceneDelegate.swift */ = {isa = PBXFileReference; lastKnownFileType = sourcecode.swift; path = SceneDelegate.swift; sourceTree = "<group>"; };
		94C15EB32726F23D007490FE /* Assets.xcassets */ = {isa = PBXFileReference; lastKnownFileType = folder.assetcatalog; path = Assets.xcassets; sourceTree = "<group>"; };
		94C15EB62726F23D007490FE /* Base */ = {isa = PBXFileReference; lastKnownFileType = file.storyboard; name = Base; path = Base.lproj/Main.storyboard; sourceTree = "<group>"; };
		94C15EB82726F23D007490FE /* Info.plist */ = {isa = PBXFileReference; lastKnownFileType = text.plist.xml; path = Info.plist; sourceTree = "<group>"; };
		94C15EBD2726F23D007490FE /* ForaSoftInterviewTests.xctest */ = {isa = PBXFileReference; explicitFileType = wrapper.cfbundle; includeInIndex = 0; path = ForaSoftInterviewTests.xctest; sourceTree = BUILT_PRODUCTS_DIR; };
		94C15EC12726F23D007490FE /* ForaSoftInterviewTests.swift */ = {isa = PBXFileReference; lastKnownFileType = sourcecode.swift; path = ForaSoftInterviewTests.swift; sourceTree = "<group>"; };
		94C15EDC2726F293007490FE /* SearchPresenter.swift */ = {isa = PBXFileReference; lastKnownFileType = sourcecode.swift; path = SearchPresenter.swift; sourceTree = "<group>"; };
		94C15EDE2726F293007490FE /* SearchRouter.swift */ = {isa = PBXFileReference; lastKnownFileType = sourcecode.swift; path = SearchRouter.swift; sourceTree = "<group>"; };
		94C15EDF2726F293007490FE /* SearchModels.swift */ = {isa = PBXFileReference; lastKnownFileType = sourcecode.swift; path = SearchModels.swift; sourceTree = "<group>"; };
		94C15EE02726F293007490FE /* SearchViewController.swift */ = {isa = PBXFileReference; lastKnownFileType = sourcecode.swift; path = SearchViewController.swift; sourceTree = "<group>"; };
		94C15EE12726F293007490FE /* SearchInteractor.swift */ = {isa = PBXFileReference; lastKnownFileType = sourcecode.swift; path = SearchInteractor.swift; sourceTree = "<group>"; };
		94C15EED2726F31B007490FE /* SearchResponse.swift */ = {isa = PBXFileReference; lastKnownFileType = sourcecode.swift; path = SearchResponse.swift; sourceTree = "<group>"; };
		94C15EEF2726F327007490FE /* NetworkLayer.swift */ = {isa = PBXFileReference; lastKnownFileType = sourcecode.swift; path = NetworkLayer.swift; sourceTree = "<group>"; };
		94FEB40027294C9500E1E503 /* TrackTableHeaderView.swift */ = {isa = PBXFileReference; lastKnownFileType = sourcecode.swift; path = TrackTableHeaderView.swift; sourceTree = "<group>"; };
		94FEB40327296FB500E1E503 /* TrackTableViewCell.xib */ = {isa = PBXFileReference; lastKnownFileType = file.xib; path = TrackTableViewCell.xib; sourceTree = "<group>"; };
		94FEB40527296FCC00E1E503 /* TrackTableViewCell.swift */ = {isa = PBXFileReference; lastKnownFileType = sourcecode.swift; path = TrackTableViewCell.swift; sourceTree = "<group>"; };
		94FEB4082729853600E1E503 /* ActivityView.swift */ = {isa = PBXFileReference; lastKnownFileType = sourcecode.swift; path = ActivityView.swift; sourceTree = "<group>"; };
		94FEB40A272AA22100E1E503 /* UserDefaultsLayer.swift */ = {isa = PBXFileReference; lastKnownFileType = sourcecode.swift; path = UserDefaultsLayer.swift; sourceTree = "<group>"; };
		A0F26CD0917F805B60E4C34B /* Pods-App-ForaSoftInterview.release.xcconfig */ = {isa = PBXFileReference; includeInIndex = 1; lastKnownFileType = text.xcconfig; name = "Pods-App-ForaSoftInterview.release.xcconfig"; path = "Target Support Files/Pods-App-ForaSoftInterview/Pods-App-ForaSoftInterview.release.xcconfig"; sourceTree = "<group>"; };
		B7B11EE5B05769CF341B9014 /* Pods_App_ForaSoftInterview.framework */ = {isa = PBXFileReference; explicitFileType = wrapper.framework; includeInIndex = 0; path = Pods_App_ForaSoftInterview.framework; sourceTree = BUILT_PRODUCTS_DIR; };
/* End PBXFileReference section */

/* Begin PBXFrameworksBuildPhase section */
		94C15EA42726F23B007490FE /* Frameworks */ = {
			isa = PBXFrameworksBuildPhase;
			buildActionMask = 2147483647;
			files = (
				490DD12DC81ADDE9EEAC4FF3 /* Pods_App_ForaSoftInterview.framework in Frameworks */,
			);
			runOnlyForDeploymentPostprocessing = 0;
		};
		94C15EBA2726F23D007490FE /* Frameworks */ = {
			isa = PBXFrameworksBuildPhase;
			buildActionMask = 2147483647;
			files = (
				68A0D293B26B1E40C7A07B88 /* Pods_App_TestGroup_ForaSoftInterviewTests.framework in Frameworks */,
			);
			runOnlyForDeploymentPostprocessing = 0;
		};
/* End PBXFrameworksBuildPhase section */

/* Begin PBXGroup section */
		94799BD527275D2800E93D75 /* Cell */ = {
			isa = PBXGroup;
			children = (
				94799BD627275D5400E93D75 /* AlbumCollectionViewCell.xib */,
				94799BD82727603200E93D75 /* AlbumCollectionViewCell.swift */,
			);
			path = Cell;
			sourceTree = "<group>";
		};
		947C7B432727E390002986FD /* History */ = {
			isa = PBXGroup;
			children = (
				947C7B532727E54D002986FD /* HistoryPresenter.swift */,
				947C7B552727E54D002986FD /* HistoryRouter.swift */,
				947C7B562727E54D002986FD /* HistoryModels.swift */,
				947C7B572727E54D002986FD /* HistoryViewController.swift */,
				947C7B582727E54D002986FD /* HistoryInteractor.swift */,
			);
			path = History;
			sourceTree = "<group>";
		};
		947C7B442727E39C002986FD /* VIP */ = {
			isa = PBXGroup;
			children = (
				947C7B752727F08F002986FD /* Album tracks */,
				94C15EDA2726F263007490FE /* Search */,
				947C7B432727E390002986FD /* History */,
			);
			path = VIP;
			sourceTree = "<group>";
		};
		947C7B752727F08F002986FD /* Album tracks */ = {
			isa = PBXGroup;
			children = (
				94FEB40227296F9B00E1E503 /* Cell */,
				94FEB3FF27294BBC00E1E503 /* View */,
				947C7B762727F0AF002986FD /* AlbumTracksPresenter.swift */,
				947C7B782727F0AF002986FD /* AlbumTracksRouter.swift */,
				947C7B792727F0AF002986FD /* AlbumTracksModels.swift */,
				947C7B7A2727F0AF002986FD /* AlbumTracksViewController.swift */,
				947C7B7B2727F0AF002986FD /* AlbumTracksInteractor.swift */,
			);
			path = "Album tracks";
			sourceTree = "<group>";
		};
		94C15E9E2726F23B007490FE = {
			isa = PBXGroup;
			children = (
				94C15EA92726F23B007490FE /* ForaSoftInterview */,
				94C15EC02726F23D007490FE /* ForaSoftInterviewTests */,
				94C15EA82726F23B007490FE /* Products */,
				E081E1632D01DB53F484009A /* Pods */,
				EB6E507224E14252D569D8ED /* Frameworks */,
			);
			sourceTree = "<group>";
		};
		94C15EA82726F23B007490FE /* Products */ = {
			isa = PBXGroup;
			children = (
				94C15EA72726F23B007490FE /* ForaSoftInterview.app */,
				94C15EBD2726F23D007490FE /* ForaSoftInterviewTests.xctest */,
			);
			name = Products;
			sourceTree = "<group>";
		};
		94C15EA92726F23B007490FE /* ForaSoftInterview */ = {
			isa = PBXGroup;
			children = (
				947C7B442727E39C002986FD /* VIP */,
				94C15EEB2726F2E1007490FE /* Helpers */,
				94C15EEA2726F2D8007490FE /* Services */,
				94C15EAA2726F23B007490FE /* AppDelegate.swift */,
				94C15EAC2726F23B007490FE /* SceneDelegate.swift */,
				94C15EB32726F23D007490FE /* Assets.xcassets */,
				94C15EB52726F23D007490FE /* Main.storyboard */,
				94C15EB82726F23D007490FE /* Info.plist */,
				94799BCB272700F900E93D75 /* MainTabBarController.swift */,
			);
			path = ForaSoftInterview;
			sourceTree = "<group>";
		};
		94C15EC02726F23D007490FE /* ForaSoftInterviewTests */ = {
			isa = PBXGroup;
			children = (
				94C15EC12726F23D007490FE /* ForaSoftInterviewTests.swift */,
			);
			path = ForaSoftInterviewTests;
			sourceTree = "<group>";
		};
		94C15EDA2726F263007490FE /* Search */ = {
			isa = PBXGroup;
			children = (
				94FEB4072729851F00E1E503 /* View */,
				94799BD527275D2800E93D75 /* Cell */,
				94C15EDC2726F293007490FE /* SearchPresenter.swift */,
				94C15EDE2726F293007490FE /* SearchRouter.swift */,
				94C15EDF2726F293007490FE /* SearchModels.swift */,
				94C15EE02726F293007490FE /* SearchViewController.swift */,
				94C15EE12726F293007490FE /* SearchInteractor.swift */,
			);
			path = Search;
			sourceTree = "<group>";
		};
		94C15EDB2726F26D007490FE /* History */ = {
			isa = PBXGroup;
			children = (
			);
			path = History;
			sourceTree = "<group>";
		};
		94C15EEA2726F2D8007490FE /* Services */ = {
			isa = PBXGroup;
			children = (
				94C15EEC2726F2F8007490FE /* Models */,
				94C15EEF2726F327007490FE /* NetworkLayer.swift */,
				94FEB40A272AA22100E1E503 /* UserDefaultsLayer.swift */,
				94C15EDB2726F26D007490FE /* History */,
			);
			path = Services;
			sourceTree = "<group>";
		};
		94C15EEB2726F2E1007490FE /* Helpers */ = {
			isa = PBXGroup;
			children = (
				94799BCD2727087900E93D75 /* UIViewController + Storyboard.swift */,
				94799BD327273B9700E93D75 /* Extensions.swift */,
			);
			path = Helpers;
			sourceTree = "<group>";
		};
		94C15EEC2726F2F8007490FE /* Models */ = {
			isa = PBXGroup;
			children = (
				94C15EED2726F31B007490FE /* SearchResponse.swift */,
			);
			path = Models;
			sourceTree = "<group>";
		};
		94FEB3FF27294BBC00E1E503 /* View */ = {
			isa = PBXGroup;
			children = (
				94FEB40027294C9500E1E503 /* TrackTableHeaderView.swift */,
			);
			path = View;
			sourceTree = "<group>";
		};
		94FEB40227296F9B00E1E503 /* Cell */ = {
			isa = PBXGroup;
			children = (
				94FEB40327296FB500E1E503 /* TrackTableViewCell.xib */,
				94FEB40527296FCC00E1E503 /* TrackTableViewCell.swift */,
			);
			path = Cell;
			sourceTree = "<group>";
		};
		94FEB4072729851F00E1E503 /* View */ = {
			isa = PBXGroup;
			children = (
				94FEB4082729853600E1E503 /* ActivityView.swift */,
			);
			path = View;
			sourceTree = "<group>";
		};
		E081E1632D01DB53F484009A /* Pods */ = {
			isa = PBXGroup;
			children = (
				506A0F727D7848E2139526EE /* Pods-App-ForaSoftInterview.debug.xcconfig */,
				A0F26CD0917F805B60E4C34B /* Pods-App-ForaSoftInterview.release.xcconfig */,
				8E530D76D746943CE3FD9BBE /* Pods-App-TestGroup-ForaSoftInterviewTests.debug.xcconfig */,
				8B0D925E010390B1175F05E5 /* Pods-App-TestGroup-ForaSoftInterviewTests.release.xcconfig */,
			);
			path = Pods;
			sourceTree = "<group>";
		};
		EB6E507224E14252D569D8ED /* Frameworks */ = {
			isa = PBXGroup;
			children = (
				B7B11EE5B05769CF341B9014 /* Pods_App_ForaSoftInterview.framework */,
				947C06B66B26D044F4598B7B /* Pods_App_TestGroup_ForaSoftInterviewTests.framework */,
			);
			name = Frameworks;
			sourceTree = "<group>";
		};
/* End PBXGroup section */

/* Begin PBXNativeTarget section */
		94C15EA62726F23B007490FE /* ForaSoftInterview */ = {
			isa = PBXNativeTarget;
			buildConfigurationList = 94C15ED12726F23D007490FE /* Build configuration list for PBXNativeTarget "ForaSoftInterview" */;
			buildPhases = (
				14E3C3E5C0BF46B9EE1AE972 /* [CP] Check Pods Manifest.lock */,
				94C15EA32726F23B007490FE /* Sources */,
				94C15EA42726F23B007490FE /* Frameworks */,
				94C15EA52726F23B007490FE /* Resources */,
				CA0B244855F7346AA487A7CA /* [CP] Embed Pods Frameworks */,
			);
			buildRules = (
			);
			dependencies = (
			);
			name = ForaSoftInterview;
			productName = ForaSoftInterview;
			productReference = 94C15EA72726F23B007490FE /* ForaSoftInterview.app */;
			productType = "com.apple.product-type.application";
		};
		94C15EBC2726F23D007490FE /* ForaSoftInterviewTests */ = {
			isa = PBXNativeTarget;
			buildConfigurationList = 94C15ED42726F23D007490FE /* Build configuration list for PBXNativeTarget "ForaSoftInterviewTests" */;
			buildPhases = (
				CF95CCCDF8F858EE7E872C8E /* [CP] Check Pods Manifest.lock */,
				94C15EB92726F23D007490FE /* Sources */,
				94C15EBA2726F23D007490FE /* Frameworks */,
				94C15EBB2726F23D007490FE /* Resources */,
				DBCC4B63726D144DD6DD1E07 /* [CP] Embed Pods Frameworks */,
			);
			buildRules = (
			);
			dependencies = (
				94C15EBF2726F23D007490FE /* PBXTargetDependency */,
			);
			name = ForaSoftInterviewTests;
			productName = ForaSoftInterviewTests;
			productReference = 94C15EBD2726F23D007490FE /* ForaSoftInterviewTests.xctest */;
			productType = "com.apple.product-type.bundle.unit-test";
		};
/* End PBXNativeTarget section */

/* Begin PBXProject section */
		94C15E9F2726F23B007490FE /* Project object */ = {
			isa = PBXProject;
			attributes = {
				BuildIndependentTargetsInParallel = 1;
				LastSwiftUpdateCheck = 1300;
				LastUpgradeCheck = 1300;
				TargetAttributes = {
					94C15EA62726F23B007490FE = {
						CreatedOnToolsVersion = 13.0;
					};
					94C15EBC2726F23D007490FE = {
						CreatedOnToolsVersion = 13.0;
						TestTargetID = 94C15EA62726F23B007490FE;
					};
				};
			};
			buildConfigurationList = 94C15EA22726F23B007490FE /* Build configuration list for PBXProject "ForaSoftInterview" */;
			compatibilityVersion = "Xcode 13.0";
			developmentRegion = en;
			hasScannedForEncodings = 0;
			knownRegions = (
				en,
				Base,
			);
			mainGroup = 94C15E9E2726F23B007490FE;
			productRefGroup = 94C15EA82726F23B007490FE /* Products */;
			projectDirPath = "";
			projectRoot = "";
			targets = (
				94C15EA62726F23B007490FE /* ForaSoftInterview */,
				94C15EBC2726F23D007490FE /* ForaSoftInterviewTests */,
			);
		};
/* End PBXProject section */

/* Begin PBXResourcesBuildPhase section */
		94C15EA52726F23B007490FE /* Resources */ = {
			isa = PBXResourcesBuildPhase;
			buildActionMask = 2147483647;
			files = (
				94C15EB72726F23D007490FE /* Main.storyboard in Resources */,
				94799BD727275D5400E93D75 /* AlbumCollectionViewCell.xib in Resources */,
				94C15EB42726F23D007490FE /* Assets.xcassets in Resources */,
				94FEB40427296FB500E1E503 /* TrackTableViewCell.xib in Resources */,
			);
			runOnlyForDeploymentPostprocessing = 0;
		};
		94C15EBB2726F23D007490FE /* Resources */ = {
			isa = PBXResourcesBuildPhase;
			buildActionMask = 2147483647;
			files = (
			);
			runOnlyForDeploymentPostprocessing = 0;
		};
/* End PBXResourcesBuildPhase section */

/* Begin PBXShellScriptBuildPhase section */
		14E3C3E5C0BF46B9EE1AE972 /* [CP] Check Pods Manifest.lock */ = {
			isa = PBXShellScriptBuildPhase;
			buildActionMask = 2147483647;
			files = (
			);
			inputFileListPaths = (
			);
			inputPaths = (
				"${PODS_PODFILE_DIR_PATH}/Podfile.lock",
				"${PODS_ROOT}/Manifest.lock",
			);
			name = "[CP] Check Pods Manifest.lock";
			outputFileListPaths = (
			);
			outputPaths = (
				"$(DERIVED_FILE_DIR)/Pods-App-ForaSoftInterview-checkManifestLockResult.txt",
			);
			runOnlyForDeploymentPostprocessing = 0;
			shellPath = /bin/sh;
			shellScript = "diff \"${PODS_PODFILE_DIR_PATH}/Podfile.lock\" \"${PODS_ROOT}/Manifest.lock\" > /dev/null\nif [ $? != 0 ] ; then\n    # print error to STDERR\n    echo \"error: The sandbox is not in sync with the Podfile.lock. Run 'pod install' or update your CocoaPods installation.\" >&2\n    exit 1\nfi\n# This output is used by Xcode 'outputs' to avoid re-running this script phase.\necho \"SUCCESS\" > \"${SCRIPT_OUTPUT_FILE_0}\"\n";
			showEnvVarsInLog = 0;
		};
		CA0B244855F7346AA487A7CA /* [CP] Embed Pods Frameworks */ = {
			isa = PBXShellScriptBuildPhase;
			buildActionMask = 2147483647;
			files = (
			);
			inputFileListPaths = (
				"${PODS_ROOT}/Target Support Files/Pods-App-ForaSoftInterview/Pods-App-ForaSoftInterview-frameworks-${CONFIGURATION}-input-files.xcfilelist",
			);
			name = "[CP] Embed Pods Frameworks";
			outputFileListPaths = (
				"${PODS_ROOT}/Target Support Files/Pods-App-ForaSoftInterview/Pods-App-ForaSoftInterview-frameworks-${CONFIGURATION}-output-files.xcfilelist",
			);
			runOnlyForDeploymentPostprocessing = 0;
			shellPath = /bin/sh;
			shellScript = "\"${PODS_ROOT}/Target Support Files/Pods-App-ForaSoftInterview/Pods-App-ForaSoftInterview-frameworks.sh\"\n";
			showEnvVarsInLog = 0;
		};
		CF95CCCDF8F858EE7E872C8E /* [CP] Check Pods Manifest.lock */ = {
			isa = PBXShellScriptBuildPhase;
			buildActionMask = 2147483647;
			files = (
			);
			inputFileListPaths = (
			);
			inputPaths = (
				"${PODS_PODFILE_DIR_PATH}/Podfile.lock",
				"${PODS_ROOT}/Manifest.lock",
			);
			name = "[CP] Check Pods Manifest.lock";
			outputFileListPaths = (
			);
			outputPaths = (
				"$(DERIVED_FILE_DIR)/Pods-App-TestGroup-ForaSoftInterviewTests-checkManifestLockResult.txt",
			);
			runOnlyForDeploymentPostprocessing = 0;
			shellPath = /bin/sh;
			shellScript = "diff \"${PODS_PODFILE_DIR_PATH}/Podfile.lock\" \"${PODS_ROOT}/Manifest.lock\" > /dev/null\nif [ $? != 0 ] ; then\n    # print error to STDERR\n    echo \"error: The sandbox is not in sync with the Podfile.lock. Run 'pod install' or update your CocoaPods installation.\" >&2\n    exit 1\nfi\n# This output is used by Xcode 'outputs' to avoid re-running this script phase.\necho \"SUCCESS\" > \"${SCRIPT_OUTPUT_FILE_0}\"\n";
			showEnvVarsInLog = 0;
		};
		DBCC4B63726D144DD6DD1E07 /* [CP] Embed Pods Frameworks */ = {
			isa = PBXShellScriptBuildPhase;
			buildActionMask = 2147483647;
			files = (
			);
			inputFileListPaths = (
				"${PODS_ROOT}/Target Support Files/Pods-App-TestGroup-ForaSoftInterviewTests/Pods-App-TestGroup-ForaSoftInterviewTests-frameworks-${CONFIGURATION}-input-files.xcfilelist",
			);
			name = "[CP] Embed Pods Frameworks";
			outputFileListPaths = (
				"${PODS_ROOT}/Target Support Files/Pods-App-TestGroup-ForaSoftInterviewTests/Pods-App-TestGroup-ForaSoftInterviewTests-frameworks-${CONFIGURATION}-output-files.xcfilelist",
			);
			runOnlyForDeploymentPostprocessing = 0;
			shellPath = /bin/sh;
			shellScript = "\"${PODS_ROOT}/Target Support Files/Pods-App-TestGroup-ForaSoftInterviewTests/Pods-App-TestGroup-ForaSoftInterviewTests-frameworks.sh\"\n";
			showEnvVarsInLog = 0;
		};
/* End PBXShellScriptBuildPhase section */

/* Begin PBXSourcesBuildPhase section */
		94C15EA32726F23B007490FE /* Sources */ = {
			isa = PBXSourcesBuildPhase;
			buildActionMask = 2147483647;
			files = (
				947C7B822727F0AF002986FD /* AlbumTracksInteractor.swift in Sources */,
				94C15EE62726F293007490FE /* SearchModels.swift in Sources */,
				94799BD92727603200E93D75 /* AlbumCollectionViewCell.swift in Sources */,
				947C7B812727F0AF002986FD /* AlbumTracksViewController.swift in Sources */,
				947C7B7F2727F0AF002986FD /* AlbumTracksRouter.swift in Sources */,
				94FEB40627296FCC00E1E503 /* TrackTableViewCell.swift in Sources */,
				94FEB40B272AA22100E1E503 /* UserDefaultsLayer.swift in Sources */,
				947C7B7D2727F0AF002986FD /* AlbumTracksPresenter.swift in Sources */,
				94C15EE52726F293007490FE /* SearchRouter.swift in Sources */,
				94799BCC272700F900E93D75 /* MainTabBarController.swift in Sources */,
				94C15EE72726F293007490FE /* SearchViewController.swift in Sources */,
				94C15EE82726F293007490FE /* SearchInteractor.swift in Sources */,
				94C15EF02726F327007490FE /* NetworkLayer.swift in Sources */,
				94799BCE2727087900E93D75 /* UIViewController + Storyboard.swift in Sources */,
				94FEB4092729853600E1E503 /* ActivityView.swift in Sources */,
				947C7B5E2727E54D002986FD /* HistoryViewController.swift in Sources */,
				94FEB40127294C9500E1E503 /* TrackTableHeaderView.swift in Sources */,
				94C15EEE2726F31B007490FE /* SearchResponse.swift in Sources */,
				947C7B5F2727E54D002986FD /* HistoryInteractor.swift in Sources */,
				947C7B5D2727E54D002986FD /* HistoryModels.swift in Sources */,
				947C7B5A2727E54D002986FD /* HistoryPresenter.swift in Sources */,
				94C15EAB2726F23B007490FE /* AppDelegate.swift in Sources */,
				94C15EE32726F293007490FE /* SearchPresenter.swift in Sources */,
				947C7B802727F0AF002986FD /* AlbumTracksModels.swift in Sources */,
				94C15EAD2726F23B007490FE /* SceneDelegate.swift in Sources */,
				94799BD427273B9700E93D75 /* Extensions.swift in Sources */,
				947C7B5C2727E54D002986FD /* HistoryRouter.swift in Sources */,
			);
			runOnlyForDeploymentPostprocessing = 0;
		};
		94C15EB92726F23D007490FE /* Sources */ = {
			isa = PBXSourcesBuildPhase;
			buildActionMask = 2147483647;
			files = (
				94C15EC22726F23D007490FE /* ForaSoftInterviewTests.swift in Sources */,
			);
			runOnlyForDeploymentPostprocessing = 0;
		};
/* End PBXSourcesBuildPhase section */

/* Begin PBXTargetDependency section */
		94C15EBF2726F23D007490FE /* PBXTargetDependency */ = {
			isa = PBXTargetDependency;
			target = 94C15EA62726F23B007490FE /* ForaSoftInterview */;
			targetProxy = 94C15EBE2726F23D007490FE /* PBXContainerItemProxy */;
		};
/* End PBXTargetDependency section */

/* Begin PBXVariantGroup section */
		94C15EB52726F23D007490FE /* Main.storyboard */ = {
			isa = PBXVariantGroup;
			children = (
				94C15EB62726F23D007490FE /* Base */,
			);
			name = Main.storyboard;
			sourceTree = "<group>";
		};
/* End PBXVariantGroup section */

/* Begin XCBuildConfiguration section */
		94C15ECF2726F23D007490FE /* Debug */ = {
			isa = XCBuildConfiguration;
			buildSettings = {
				ALWAYS_SEARCH_USER_PATHS = NO;
				CLANG_ANALYZER_NONNULL = YES;
				CLANG_ANALYZER_NUMBER_OBJECT_CONVERSION = YES_AGGRESSIVE;
				CLANG_CXX_LANGUAGE_STANDARD = "gnu++17";
				CLANG_CXX_LIBRARY = "libc++";
				CLANG_ENABLE_MODULES = YES;
				CLANG_ENABLE_OBJC_ARC = YES;
				CLANG_ENABLE_OBJC_WEAK = YES;
				CLANG_WARN_BLOCK_CAPTURE_AUTORELEASING = YES;
				CLANG_WARN_BOOL_CONVERSION = YES;
				CLANG_WARN_COMMA = YES;
				CLANG_WARN_CONSTANT_CONVERSION = YES;
				CLANG_WARN_DEPRECATED_OBJC_IMPLEMENTATIONS = YES;
				CLANG_WARN_DIRECT_OBJC_ISA_USAGE = YES_ERROR;
				CLANG_WARN_DOCUMENTATION_COMMENTS = YES;
				CLANG_WARN_EMPTY_BODY = YES;
				CLANG_WARN_ENUM_CONVERSION = YES;
				CLANG_WARN_INFINITE_RECURSION = YES;
				CLANG_WARN_INT_CONVERSION = YES;
				CLANG_WARN_NON_LITERAL_NULL_CONVERSION = YES;
				CLANG_WARN_OBJC_IMPLICIT_RETAIN_SELF = YES;
				CLANG_WARN_OBJC_LITERAL_CONVERSION = YES;
				CLANG_WARN_OBJC_ROOT_CLASS = YES_ERROR;
				CLANG_WARN_QUOTED_INCLUDE_IN_FRAMEWORK_HEADER = YES;
				CLANG_WARN_RANGE_LOOP_ANALYSIS = YES;
				CLANG_WARN_STRICT_PROTOTYPES = YES;
				CLANG_WARN_SUSPICIOUS_MOVE = YES;
				CLANG_WARN_UNGUARDED_AVAILABILITY = YES_AGGRESSIVE;
				CLANG_WARN_UNREACHABLE_CODE = YES;
				CLANG_WARN__DUPLICATE_METHOD_MATCH = YES;
				COPY_PHASE_STRIP = NO;
				DEBUG_INFORMATION_FORMAT = dwarf;
				ENABLE_STRICT_OBJC_MSGSEND = YES;
				ENABLE_TESTABILITY = YES;
				GCC_C_LANGUAGE_STANDARD = gnu11;
				GCC_DYNAMIC_NO_PIC = NO;
				GCC_NO_COMMON_BLOCKS = YES;
				GCC_OPTIMIZATION_LEVEL = 0;
				GCC_PREPROCESSOR_DEFINITIONS = (
					"DEBUG=1",
					"$(inherited)",
				);
				GCC_WARN_64_TO_32_BIT_CONVERSION = YES;
				GCC_WARN_ABOUT_RETURN_TYPE = YES_ERROR;
				GCC_WARN_UNDECLARED_SELECTOR = YES;
				GCC_WARN_UNINITIALIZED_AUTOS = YES_AGGRESSIVE;
				GCC_WARN_UNUSED_FUNCTION = YES;
				GCC_WARN_UNUSED_VARIABLE = YES;
				IPHONEOS_DEPLOYMENT_TARGET = 15.0;
				MTL_ENABLE_DEBUG_INFO = INCLUDE_SOURCE;
				MTL_FAST_MATH = YES;
				ONLY_ACTIVE_ARCH = YES;
				SDKROOT = iphoneos;
				SWIFT_ACTIVE_COMPILATION_CONDITIONS = DEBUG;
				SWIFT_OPTIMIZATION_LEVEL = "-Onone";
			};
			name = Debug;
		};
		94C15ED02726F23D007490FE /* Release */ = {
			isa = XCBuildConfiguration;
			buildSettings = {
				ALWAYS_SEARCH_USER_PATHS = NO;
				CLANG_ANALYZER_NONNULL = YES;
				CLANG_ANALYZER_NUMBER_OBJECT_CONVERSION = YES_AGGRESSIVE;
				CLANG_CXX_LANGUAGE_STANDARD = "gnu++17";
				CLANG_CXX_LIBRARY = "libc++";
				CLANG_ENABLE_MODULES = YES;
				CLANG_ENABLE_OBJC_ARC = YES;
				CLANG_ENABLE_OBJC_WEAK = YES;
				CLANG_WARN_BLOCK_CAPTURE_AUTORELEASING = YES;
				CLANG_WARN_BOOL_CONVERSION = YES;
				CLANG_WARN_COMMA = YES;
				CLANG_WARN_CONSTANT_CONVERSION = YES;
				CLANG_WARN_DEPRECATED_OBJC_IMPLEMENTATIONS = YES;
				CLANG_WARN_DIRECT_OBJC_ISA_USAGE = YES_ERROR;
				CLANG_WARN_DOCUMENTATION_COMMENTS = YES;
				CLANG_WARN_EMPTY_BODY = YES;
				CLANG_WARN_ENUM_CONVERSION = YES;
				CLANG_WARN_INFINITE_RECURSION = YES;
				CLANG_WARN_INT_CONVERSION = YES;
				CLANG_WARN_NON_LITERAL_NULL_CONVERSION = YES;
				CLANG_WARN_OBJC_IMPLICIT_RETAIN_SELF = YES;
				CLANG_WARN_OBJC_LITERAL_CONVERSION = YES;
				CLANG_WARN_OBJC_ROOT_CLASS = YES_ERROR;
				CLANG_WARN_QUOTED_INCLUDE_IN_FRAMEWORK_HEADER = YES;
				CLANG_WARN_RANGE_LOOP_ANALYSIS = YES;
				CLANG_WARN_STRICT_PROTOTYPES = YES;
				CLANG_WARN_SUSPICIOUS_MOVE = YES;
				CLANG_WARN_UNGUARDED_AVAILABILITY = YES_AGGRESSIVE;
				CLANG_WARN_UNREACHABLE_CODE = YES;
				CLANG_WARN__DUPLICATE_METHOD_MATCH = YES;
				COPY_PHASE_STRIP = NO;
				DEBUG_INFORMATION_FORMAT = "dwarf-with-dsym";
				ENABLE_NS_ASSERTIONS = NO;
				ENABLE_STRICT_OBJC_MSGSEND = YES;
				GCC_C_LANGUAGE_STANDARD = gnu11;
				GCC_NO_COMMON_BLOCKS = YES;
				GCC_WARN_64_TO_32_BIT_CONVERSION = YES;
				GCC_WARN_ABOUT_RETURN_TYPE = YES_ERROR;
				GCC_WARN_UNDECLARED_SELECTOR = YES;
				GCC_WARN_UNINITIALIZED_AUTOS = YES_AGGRESSIVE;
				GCC_WARN_UNUSED_FUNCTION = YES;
				GCC_WARN_UNUSED_VARIABLE = YES;
				IPHONEOS_DEPLOYMENT_TARGET = 15.0;
				MTL_ENABLE_DEBUG_INFO = NO;
				MTL_FAST_MATH = YES;
				SDKROOT = iphoneos;
				SWIFT_COMPILATION_MODE = wholemodule;
				SWIFT_OPTIMIZATION_LEVEL = "-O";
				VALIDATE_PRODUCT = YES;
			};
			name = Release;
		};
		94C15ED22726F23D007490FE /* Debug */ = {
			isa = XCBuildConfiguration;
			baseConfigurationReference = 506A0F727D7848E2139526EE /* Pods-App-ForaSoftInterview.debug.xcconfig */;
			buildSettings = {
				ASSETCATALOG_COMPILER_APPICON_NAME = AppIcon;
				ASSETCATALOG_COMPILER_GLOBAL_ACCENT_COLOR_NAME = AccentColor;
				CODE_SIGN_STYLE = Automatic;
				CURRENT_PROJECT_VERSION = 1;
				DEVELOPMENT_TEAM = RHSGW6TXJ8;
				GENERATE_INFOPLIST_FILE = YES;
				INFOPLIST_FILE = ForaSoftInterview/Info.plist;
				INFOPLIST_KEY_UIApplicationSupportsIndirectInputEvents = YES;
				INFOPLIST_KEY_UILaunchStoryboardName = Main;
				INFOPLIST_KEY_UIMainStoryboardFile = Main;
				INFOPLIST_KEY_UISupportedInterfaceOrientations_iPad = "UIInterfaceOrientationPortrait UIInterfaceOrientationPortraitUpsideDown UIInterfaceOrientationLandscapeLeft UIInterfaceOrientationLandscapeRight";
				INFOPLIST_KEY_UISupportedInterfaceOrientations_iPhone = "UIInterfaceOrientationPortrait UIInterfaceOrientationLandscapeLeft UIInterfaceOrientationLandscapeRight";
				LD_RUNPATH_SEARCH_PATHS = (
					"$(inherited)",
					"@executable_path/Frameworks",
				);
				MARKETING_VERSION = 1.0;
				PRODUCT_BUNDLE_IDENTIFIER = com.AlexanderGalkin.ForaSoftInterview;
				PRODUCT_NAME = "$(TARGET_NAME)";
				SWIFT_EMIT_LOC_STRINGS = YES;
				SWIFT_VERSION = 5.0;
				TARGETED_DEVICE_FAMILY = "1,2";
			};
			name = Debug;
		};
		94C15ED32726F23D007490FE /* Release */ = {
			isa = XCBuildConfiguration;
			baseConfigurationReference = A0F26CD0917F805B60E4C34B /* Pods-App-ForaSoftInterview.release.xcconfig */;
			buildSettings = {
				ASSETCATALOG_COMPILER_APPICON_NAME = AppIcon;
				ASSETCATALOG_COMPILER_GLOBAL_ACCENT_COLOR_NAME = AccentColor;
				CODE_SIGN_STYLE = Automatic;
				CURRENT_PROJECT_VERSION = 1;
				DEVELOPMENT_TEAM = RHSGW6TXJ8;
				GENERATE_INFOPLIST_FILE = YES;
				INFOPLIST_FILE = ForaSoftInterview/Info.plist;
				INFOPLIST_KEY_UIApplicationSupportsIndirectInputEvents = YES;
				INFOPLIST_KEY_UILaunchStoryboardName = Main;
				INFOPLIST_KEY_UIMainStoryboardFile = Main;
				INFOPLIST_KEY_UISupportedInterfaceOrientations_iPad = "UIInterfaceOrientationPortrait UIInterfaceOrientationPortraitUpsideDown UIInterfaceOrientationLandscapeLeft UIInterfaceOrientationLandscapeRight";
				INFOPLIST_KEY_UISupportedInterfaceOrientations_iPhone = "UIInterfaceOrientationPortrait UIInterfaceOrientationLandscapeLeft UIInterfaceOrientationLandscapeRight";
				LD_RUNPATH_SEARCH_PATHS = (
					"$(inherited)",
					"@executable_path/Frameworks",
				);
				MARKETING_VERSION = 1.0;
				PRODUCT_BUNDLE_IDENTIFIER = com.AlexanderGalkin.ForaSoftInterview;
				PRODUCT_NAME = "$(TARGET_NAME)";
				SWIFT_EMIT_LOC_STRINGS = YES;
				SWIFT_VERSION = 5.0;
				TARGETED_DEVICE_FAMILY = "1,2";
			};
			name = Release;
		};
		94C15ED52726F23D007490FE /* Debug */ = {
			isa = XCBuildConfiguration;
			baseConfigurationReference = 8E530D76D746943CE3FD9BBE /* Pods-App-TestGroup-ForaSoftInterviewTests.debug.xcconfig */;
			buildSettings = {
				ALWAYS_EMBED_SWIFT_STANDARD_LIBRARIES = YES;
				BUNDLE_LOADER = "$(TEST_HOST)";
				CODE_SIGN_STYLE = Automatic;
				CURRENT_PROJECT_VERSION = 1;
				DEVELOPMENT_TEAM = RHSGW6TXJ8;
				GENERATE_INFOPLIST_FILE = YES;
				IPHONEOS_DEPLOYMENT_TARGET = 15.0;
				LD_RUNPATH_SEARCH_PATHS = (
					"$(inherited)",
					"@executable_path/Frameworks",
					"@loader_path/Frameworks",
				);
				MARKETING_VERSION = 1.0;
				PRODUCT_BUNDLE_IDENTIFIER = com.AlexanderGalkin.ForaSoftInterviewTests;
				PRODUCT_NAME = "$(TARGET_NAME)";
				SWIFT_EMIT_LOC_STRINGS = NO;
				SWIFT_VERSION = 5.0;
				TARGETED_DEVICE_FAMILY = "1,2";
				TEST_HOST = "$(BUILT_PRODUCTS_DIR)/ForaSoftInterview.app/ForaSoftInterview";
			};
			name = Debug;
		};
		94C15ED62726F23D007490FE /* Release */ = {
			isa = XCBuildConfiguration;
			baseConfigurationReference = 8B0D925E010390B1175F05E5 /* Pods-App-TestGroup-ForaSoftInterviewTests.release.xcconfig */;
			buildSettings = {
				ALWAYS_EMBED_SWIFT_STANDARD_LIBRARIES = YES;
				BUNDLE_LOADER = "$(TEST_HOST)";
				CODE_SIGN_STYLE = Automatic;
				CURRENT_PROJECT_VERSION = 1;
				DEVELOPMENT_TEAM = RHSGW6TXJ8;
				GENERATE_INFOPLIST_FILE = YES;
				IPHONEOS_DEPLOYMENT_TARGET = 15.0;
				LD_RUNPATH_SEARCH_PATHS = (
					"$(inherited)",
					"@executable_path/Frameworks",
					"@loader_path/Frameworks",
				);
				MARKETING_VERSION = 1.0;
				PRODUCT_BUNDLE_IDENTIFIER = com.AlexanderGalkin.ForaSoftInterviewTests;
				PRODUCT_NAME = "$(TARGET_NAME)";
				SWIFT_EMIT_LOC_STRINGS = NO;
				SWIFT_VERSION = 5.0;
				TARGETED_DEVICE_FAMILY = "1,2";
				TEST_HOST = "$(BUILT_PRODUCTS_DIR)/ForaSoftInterview.app/ForaSoftInterview";
			};
			name = Release;
		};
/* End XCBuildConfiguration section */

/* Begin XCConfigurationList section */
		94C15EA22726F23B007490FE /* Build configuration list for PBXProject "ForaSoftInterview" */ = {
			isa = XCConfigurationList;
			buildConfigurations = (
				94C15ECF2726F23D007490FE /* Debug */,
				94C15ED02726F23D007490FE /* Release */,
			);
			defaultConfigurationIsVisible = 0;
			defaultConfigurationName = Release;
		};
		94C15ED12726F23D007490FE /* Build configuration list for PBXNativeTarget "ForaSoftInterview" */ = {
			isa = XCConfigurationList;
			buildConfigurations = (
				94C15ED22726F23D007490FE /* Debug */,
				94C15ED32726F23D007490FE /* Release */,
			);
			defaultConfigurationIsVisible = 0;
			defaultConfigurationName = Release;
		};
		94C15ED42726F23D007490FE /* Build configuration list for PBXNativeTarget "ForaSoftInterviewTests" */ = {
			isa = XCConfigurationList;
			buildConfigurations = (
				94C15ED52726F23D007490FE /* Debug */,
				94C15ED62726F23D007490FE /* Release */,
			);
			defaultConfigurationIsVisible = 0;
			defaultConfigurationName = Release;
		};
/* End XCConfigurationList section */
	};
	rootObject = 94C15E9F2726F23B007490FE /* Project object */;
}
